{
  "name": "learnPHP",
  "lockfileVersion": 3,
  "requires": true,
  "packages": {
    "": {
      "dependencies": {
        "http-auth": "^4.2.0"
      }
    },
    "node_modules/apache-crypt": {
      "version": "1.2.6",
      "resolved": "https://registry.npmjs.org/apache-crypt/-/apache-crypt-1.2.6.tgz",
      "integrity": "sha512-072WetlM4blL8PREJVeY+WHiUh1R5VNt2HfceGS8aKqttPHcmqE5pkKuXPz/ULmJOFkc8Hw3kfKl6vy7Qka6DA==",
      "dependencies": {
        "unix-crypt-td-js": "^1.1.4"
      },
      "engines": {
        "node": ">=8"
      }
    },
    "node_modules/apache-md5": {
      "version": "1.1.8",
      "resolved": "https://registry.npmjs.org/apache-md5/-/apache-md5-1.1.8.tgz",
      "integrity": "sha512-FCAJojipPn0bXjuEpjOOOMN8FZDkxfWWp4JGN9mifU2IhxvKyXZYqpzPHdnTSUpmPDy+tsslB6Z1g+Vg6nVbYA==",
      "engines": {
        "node": ">=8"
      }
    },
    "node_modules/bcryptjs": {
      "version": "2.4.3",
      "resolved": "https://registry.npmjs.org/bcryptjs/-/bcryptjs-2.4.3.tgz",
      "integrity": "sha512-V/Hy/X9Vt7f3BbPJEi8BdVFMByHi+jNXrYkW3huaybV/kQ0KJg0Y6PkEMbn+zeT+i+SiKZ/HMqJGIIt4LZDqNQ=="
    },
    "node_modules/http-auth": {
      "version": "4.2.0",
      "resolved": "https://registry.npmjs.org/http-auth/-/http-auth-4.2.0.tgz",
      "integrity": "sha512-trIkGI7dgnFJ5k8YaQFSr1Q5uq9c19vK6Y9ZCjlY0zBEQgdJpXZU3Cyrmk4nwrAGy4pKJhs599o7q6eicbVnhw==",
      "dependencies": {
        "apache-crypt": "^1.1.2",
        "apache-md5": "^1.0.6",
        "bcryptjs": "^2.4.3",
        "uuid": "^8.3.2"
      },
      "engines": {
        "node": ">=8"
      }
    },
    "node_modules/unix-crypt-td-js": {
      "version": "1.1.4",
      "resolved": "https://registry.npmjs.org/unix-crypt-td-js/-/unix-crypt-td-js-1.1.4.tgz",
      "integrity": "sha512-8rMeVYWSIyccIJscb9NdCfZKSRBKYTeVnwmiRYT2ulE3qd1RaDQ0xQDP+rI3ccIWbhu/zuo5cgN8z73belNZgw=="
    },
    "node_modules/uuid": {
      "version": "8.3.2",
      "resolved": "https://registry.npmjs.org/uuid/-/uuid-8.3.2.tgz",
      "integrity": "sha512-+NYs2QeMWy+GWFOEm9xnn6HCDp0l7QBD7ml8zLUmJ+93Q5NF0NocErnwkTkXVFNiX3/fpC6afS8Dhb/gz7R7eg==",
      "bin": {
        "uuid": "dist/bin/uuid"
      }
    }
  }
}
